<?xml version="1.0" encoding="utf-8"?>
<Project ToolsVersion="4.0" xmlns="http://schemas.microsoft.com/developer/msbuild/2003">
  <ItemGroup>
    <ClCompile Include="main.cpp" />
    <ClCompile Include="stdafx.cpp" />
    <ClCompile Include="Core.cpp">
      <Filter>Engine\Core</Filter>
    </ClCompile>
    <ClCompile Include="Graphics.cpp">
      <Filter>Engine\Graphics</Filter>
    </ClCompile>
    <ClCompile Include="Scene.cpp">
      <Filter>Engine\Scene</Filter>
    </ClCompile>
    <ClCompile Include="Context.cpp">
      <Filter>Engine\Core</Filter>
    </ClCompile>
    <ClCompile Include="Test01.cpp">
      <Filter>_Test</Filter>
    </ClCompile>
    <ClCompile Include="0001Demo.cpp">
      <Filter>_Demo\01API</Filter>
    </ClCompile>
    <ClCompile Include="DemoContext.cpp">
      <Filter>_Demo\Framework</Filter>
    </ClCompile>
    <ClCompile Include="RenderSystem.cpp">
      <Filter>Engine\Render\old</Filter>
    </ClCompile>
    <ClCompile Include="Render.cpp">
      <Filter>Engine\Render\old</Filter>
    </ClCompile>
    <ClCompile Include="RoguelikeGameApp.cpp">
      <Filter>Game\Roguelike</Filter>
    </ClCompile>
    <ClCompile Include="RTSGameApp.cpp">
      <Filter>Game\RTS</Filter>
    </ClCompile>
  </ItemGroup>
  <ItemGroup>
    <ClInclude Include="stdafx.h" />
    <ClInclude Include="Core.h">
      <Filter>Engine\Core</Filter>
    </ClInclude>
    <ClInclude Include="Graphics.h">
      <Filter>Engine\Graphics</Filter>
    </ClInclude>
    <ClInclude Include="Scene.h">
      <Filter>Engine\Scene</Filter>
    </ClInclude>
    <ClInclude Include="Context.h">
      <Filter>Engine\Core</Filter>
    </ClInclude>
    <ClInclude Include="SceneShader.h">
      <Filter>Engine\Scene</Filter>
    </ClInclude>
    <ClInclude Include="Test01.h">
      <Filter>_Test</Filter>
    </ClInclude>
    <ClInclude Include="0001Demo.h">
      <Filter>_Demo\01API</Filter>
    </ClInclude>
    <ClInclude Include="DemoContext.h">
      <Filter>_Demo\Framework</Filter>
    </ClInclude>
    <ClInclude Include="Render.h">
      <Filter>Engine\Render\old</Filter>
    </ClInclude>
    <ClInclude Include="RenderCore.h">
      <Filter>Engine\Render\old</Filter>
    </ClInclude>
    <ClInclude Include="RoguelikeGameApp.h">
      <Filter>Game\Roguelike</Filter>
    </ClInclude>
    <ClInclude Include="RTSGameApp.h">
      <Filter>Game\RTS</Filter>
    </ClInclude>
  </ItemGroup>
  <ItemGroup>
    <Filter Include="Engine">
      <UniqueIdentifier>{ac6c5d5d-a407-465d-a5cc-51d285e08d99}</UniqueIdentifier>
    </Filter>
    <Filter Include="Engine\Core">
      <UniqueIdentifier>{0a710c69-25cf-40a7-b9e6-4d17aac33e82}</UniqueIdentifier>
    </Filter>
    <Filter Include="Engine\Render">
      <UniqueIdentifier>{597d1977-a0f7-4018-93fb-0c7c73d2be29}</UniqueIdentifier>
    </Filter>
    <Filter Include="Engine\Graphics">
      <UniqueIdentifier>{59c8a38f-881f-4acb-9a76-b876227b4a79}</UniqueIdentifier>
    </Filter>
    <Filter Include="Engine\Scene">
      <UniqueIdentifier>{6d4439fc-14ed-418b-aba3-42a582f28b07}</UniqueIdentifier>
    </Filter>
    <Filter Include="_Demo">
      <UniqueIdentifier>{1f821387-60a4-4870-b094-2cc6fe23825c}</UniqueIdentifier>
    </Filter>
    <Filter Include="_Demo\01API">
      <UniqueIdentifier>{f8872b3b-96d3-4923-a247-e8dd6a1fe55d}</UniqueIdentifier>
    </Filter>
    <Filter Include="_Demo\Framework">
      <UniqueIdentifier>{58377f26-4bfe-41df-9244-58d2792f570e}</UniqueIdentifier>
    </Filter>
    <Filter Include="Game">
      <UniqueIdentifier>{bef2c127-006b-43a9-8516-6d1a0a376c85}</UniqueIdentifier>
    </Filter>
    <Filter Include="Engine\Render\old">
      <UniqueIdentifier>{cf153560-fb3e-4b3e-8d92-98351b869177}</UniqueIdentifier>
    </Filter>
    <Filter Include="_Test">
      <UniqueIdentifier>{c5a3891c-2518-472a-b5da-2e31ef73d63b}</UniqueIdentifier>
    </Filter>
    <Filter Include="Game\Roguelike">
      <UniqueIdentifier>{7b3fbac1-7c79-418c-a503-2d012342ef75}</UniqueIdentifier>
    </Filter>
    <Filter Include="Game\RTS">
      <UniqueIdentifier>{3c6aaf0d-5363-4a56-95ef-e4485701075a}</UniqueIdentifier>
    </Filter>
  </ItemGroup>
</Project>