<?xml version="1.0" encoding="utf-8"?>
<Project ToolsVersion="4.0" xmlns="http://schemas.microsoft.com/developer/msbuild/2003">
  <ItemGroup>
    <ClCompile Include="main.cpp" />
    <ClCompile Include="stdafx.cpp" />
    <ClCompile Include="GameApp.cpp" />
    <ClCompile Include="CoreApp.cpp">
      <Filter>Engine\Core</Filter>
    </ClCompile>
    <ClCompile Include="Render.cpp">
      <Filter>Engine\Render</Filter>
    </ClCompile>
    <ClCompile Include="Graphics.cpp">
      <Filter>Engine\Graphics</Filter>
    </ClCompile>
    <ClCompile Include="Scene.cpp">
      <Filter>Engine\Scene</Filter>
    </ClCompile>
    <ClCompile Include="Context.cpp">
      <Filter>Engine\Core</Filter>
    </ClCompile>
    <ClCompile Include="RenderSystem.cpp">
      <Filter>Engine\Render</Filter>
    </ClCompile>
    <ClCompile Include="Utility.cpp">
      <Filter>Engine\Utility</Filter>
    </ClCompile>
  </ItemGroup>
  <ItemGroup>
    <ClInclude Include="stdafx.h" />
    <ClInclude Include="GameApp.h" />
    <ClInclude Include="CoreApp.h">
      <Filter>Engine\Core</Filter>
    </ClInclude>
    <ClInclude Include="Render.h">
      <Filter>Engine\Render</Filter>
    </ClInclude>
    <ClInclude Include="RenderCore.h">
      <Filter>Engine\Render</Filter>
    </ClInclude>
    <ClInclude Include="Graphics.h">
      <Filter>Engine\Graphics</Filter>
    </ClInclude>
    <ClInclude Include="Scene.h">
      <Filter>Engine\Scene</Filter>
    </ClInclude>
    <ClInclude Include="Context.h">
      <Filter>Engine\Core</Filter>
    </ClInclude>
    <ClInclude Include="Utility.h">
      <Filter>Engine\Utility</Filter>
    </ClInclude>
  </ItemGroup>
  <ItemGroup>
    <Filter Include="Engine">
      <UniqueIdentifier>{ac6c5d5d-a407-465d-a5cc-51d285e08d99}</UniqueIdentifier>
    </Filter>
    <Filter Include="Engine\Core">
      <UniqueIdentifier>{0a710c69-25cf-40a7-b9e6-4d17aac33e82}</UniqueIdentifier>
    </Filter>
    <Filter Include="Engine\Render">
      <UniqueIdentifier>{597d1977-a0f7-4018-93fb-0c7c73d2be29}</UniqueIdentifier>
    </Filter>
    <Filter Include="Engine\Graphics">
      <UniqueIdentifier>{59c8a38f-881f-4acb-9a76-b876227b4a79}</UniqueIdentifier>
    </Filter>
    <Filter Include="Engine\Scene">
      <UniqueIdentifier>{6d4439fc-14ed-418b-aba3-42a582f28b07}</UniqueIdentifier>
    </Filter>
    <Filter Include="Engine\Utility">
      <UniqueIdentifier>{db597644-56d9-4e34-9099-03965510c1ee}</UniqueIdentifier>
    </Filter>
  </ItemGroup>
</Project>